
Microsoft Visual Studio Solution File, Format Version 12.00
# Visual Studio Version 16
VisualStudioVersion = 16.0.30804.86
MinimumVisualStudioVersion = 10.0.40219.1
Project("{FAE04EC0-301F-11D3-BF4B-00C04F79EFBC}") = "BezierCurveSample", "BezierCurveSample\BezierCurveSample.csproj", "{1C394722-18EF-4A4E-8312-C032E5FF9C31}"
EndProject
Global
	GlobalSection(SolutionConfigurationPlatforms) = preSolution
		Debug|Any CPU = Debug|Any CPU
		Release|Any CPU = Release|Any CPU
	EndGlobalSection
	GlobalSection(ProjectConfigurationPlatforms) = postSolution
		{1C394722-18EF-4A4E-8312-C032E5FF9C31}.Debug|Any CPU.ActiveCfg = Debug|Any CPU
		{1C394722-18EF-4A4E-8312-C032E5FF9C31}.Debug|Any CPU.Build.0 = Debug|Any CPU
		{1C394722-18EF-4A4E-8312-C032E5FF9C31}.Release|Any CPU.ActiveCfg = Release|Any CPU
		{1C394722-18EF-4A4E-8312-C032E5FF9C31}.Release|Any CPU.Build.0 = Release|Any CPU
	EndGlobalSection
	GlobalSection(SolutionProperties) = preSolution
		HideSolutionNode = FALSE
	EndGlobalSection
	GlobalSection(ExtensibilityGlobals) = postSolution
		SolutionGuid = {1C9D18F5-944E-48B3-9385-3089A216D052}
	EndGlobalSection
EndGlobal
